
Microsoft Visual Studio Solution File, Format Version 12.00
# Visual Studio Version 17
VisualStudioVersion = 17.7.34024.191
MinimumVisualStudioVersion = 10.0.40219.1
Project("{9A19103F-16F7-4668-BE54-9A1E7A4F7556}") = "Derby.Engine.Models", "src\Derby.Engine.Models\Derby.Engine.Models.csproj", "{C1091A38-FC24-4054-A7F5-7452BAF1E655}"
EndProject
Project("{9A19103F-16F7-4668-BE54-9A1E7A4F7556}") = "Derby.Engine.Core", "src\Derby.Engine.Core\Derby.Engine.Core.csproj", "{A2062C03-3D9A-4EDF-82EA-3F81DE838FD4}"
EndProject
Project("{2150E333-8FDC-42A3-9474-1A3956D46DE8}") = "Engine", "Engine", "{E149B871-82AD-4410-8E48-DDCA67DAC79F}"
EndProject
Global
	GlobalSection(SolutionConfigurationPlatforms) = preSolution
		Debug|Any CPU = Debug|Any CPU
		Release|Any CPU = Release|Any CPU
	EndGlobalSection
	GlobalSection(ProjectConfigurationPlatforms) = postSolution
		{C1091A38-FC24-4054-A7F5-7452BAF1E655}.Debug|Any CPU.ActiveCfg = Debug|Any CPU
		{C1091A38-FC24-4054-A7F5-7452BAF1E655}.Debug|Any CPU.Build.0 = Debug|Any CPU
		{C1091A38-FC24-4054-A7F5-7452BAF1E655}.Release|Any CPU.ActiveCfg = Release|Any CPU
		{C1091A38-FC24-4054-A7F5-7452BAF1E655}.Release|Any CPU.Build.0 = Release|Any CPU
		{A2062C03-3D9A-4EDF-82EA-3F81DE838FD4}.Debug|Any CPU.ActiveCfg = Debug|Any CPU
		{A2062C03-3D9A-4EDF-82EA-3F81DE838FD4}.Debug|Any CPU.Build.0 = Debug|Any CPU
		{A2062C03-3D9A-4EDF-82EA-3F81DE838FD4}.Release|Any CPU.ActiveCfg = Release|Any CPU
		{A2062C03-3D9A-4EDF-82EA-3F81DE838FD4}.Release|Any CPU.Build.0 = Release|Any CPU
	EndGlobalSection
	GlobalSection(SolutionProperties) = preSolution
		HideSolutionNode = FALSE
	EndGlobalSection
	GlobalSection(NestedProjects) = preSolution
		{C1091A38-FC24-4054-A7F5-7452BAF1E655} = {E149B871-82AD-4410-8E48-DDCA67DAC79F}
		{A2062C03-3D9A-4EDF-82EA-3F81DE838FD4} = {E149B871-82AD-4410-8E48-DDCA67DAC79F}
	EndGlobalSection
	GlobalSection(ExtensibilityGlobals) = postSolution
		SolutionGuid = {499DD2FC-FD85-45A7-AAF7-FBE4358798E8}
	EndGlobalSection
EndGlobal
